
Microsoft Visual Studio Solution File, Format Version 12.00
# Visual Studio 15
VisualStudioVersion = 15.0.26124.0
MinimumVisualStudioVersion = 15.0.26124.0
Project("{2150E333-8FDC-42A3-9474-1A3956D46DE8}") = "src", "src", "{14EF1055-5377-4079-A149-9C63BF40F6F9}"
EndProject
Project("{2150E333-8FDC-42A3-9474-1A3956D46DE8}") = "tests", "tests", "{F9518AE8-2574-4ADF-BB6E-A809C32AA334}"
EndProject
Project("{2150E333-8FDC-42A3-9474-1A3956D46DE8}") = "service-components", "service-components", "{C205A8D7-F117-49AE-932D-31BB9DF354D0}"
EndProject
Project("{FAE04EC0-301F-11D3-BF4B-00C04F79EFBC}") = "Umoya", "src\service-components\Umoya\Umoya.csproj", "{5A6A9D5D-7F27-44AC-9460-2B0DC8B0A435}"
EndProject
Project("{FAE04EC0-301F-11D3-BF4B-00C04F79EFBC}") = "Umoya.Core", "src\service-components\Core\Umoya.Core.csproj", "{F3AD4FFF-830C-468A-A21A-6813BA75E774}"
EndProject
Project("{FAE04EC0-301F-11D3-BF4B-00C04F79EFBC}") = "Umoya.Core.Server", "src\service-components\Core.Server\Umoya.Core.Server.csproj", "{E9E2D145-39DF-4CBE-AEA4-E1CD7049DCC4}"
EndProject
Project("{FAE04EC0-301F-11D3-BF4B-00C04F79EFBC}") = "Umoya.Database.Sqlite", "src\service-components\Database.Sqlite\Umoya.Database.Sqlite.csproj", "{BAAD4AEA-C504-414A-B6A5-CF650A640034}"
EndProject
Project("{FAE04EC0-301F-11D3-BF4B-00C04F79EFBC}") = "Umoya.Protocol", "src\service-components\Protocol\Umoya.Protocol.csproj", "{1ADE4966-04B7-4394-AF0F-267EBBCAF6F3}"
EndProject
Project("{2150E333-8FDC-42A3-9474-1A3956D46DE8}") = "clients", "clients", "{51FA6538-FAB2-42DC-B6CD-DF69ABB0CE83}"
EndProject
Project("{FAE04EC0-301F-11D3-BF4B-00C04F79EFBC}") = "CLI", "src\clients\CLI\CLI.csproj", "{2E6E6E88-571C-44B6-9241-855EA8F21A28}"
EndProject
Project("{2150E333-8FDC-42A3-9474-1A3956D46DE8}") = "service-components", "service-components", "{F4373BE5-A9ED-48BC-A593-9EC66AFDE129}"
EndProject
Project("{FAE04EC0-301F-11D3-BF4B-00C04F79EFBC}") = "Umoya.Tests", "tests\service-components\Umoya\Umoya.Tests.csproj", "{151CB74D-42A8-4900-B943-CFDFD7A8822B}"
EndProject
Project("{FAE04EC0-301F-11D3-BF4B-00C04F79EFBC}") = "Core.Tests", "tests\service-components\Core\Core.Tests.csproj", "{1C347B6F-BBF5-4184-84AE-79CB09220DD7}"
EndProject
Project("{2150E333-8FDC-42A3-9474-1A3956D46DE8}") = "clients", "clients", "{392ED1A0-F3C4-11E9-BDE1-BB6527972F07}"
EndProject
Project("{FAE04EC0-301F-11D3-BF4B-00C04F79EFBC}") = "CLI.Tests", "tests\clients\CLI\CLI.Tests.csproj", "{2D240471-8663-4573-8718-0E078248934E}"
EndProject
Global
	GlobalSection(SolutionConfigurationPlatforms) = preSolution
		Debug|Any CPU = Debug|Any CPU
		Debug|x64 = Debug|x64
		Debug|x86 = Debug|x86
		Release|Any CPU = Release|Any CPU
		Release|x64 = Release|x64
		Release|x86 = Release|x86
	EndGlobalSection
	GlobalSection(SolutionProperties) = preSolution
		HideSolutionNode = FALSE
	EndGlobalSection
	GlobalSection(ProjectConfigurationPlatforms) = postSolution
		{5A6A9D5D-7F27-44AC-9460-2B0DC8B0A435}.Debug|Any CPU.ActiveCfg = Debug|Any CPU
		{5A6A9D5D-7F27-44AC-9460-2B0DC8B0A435}.Debug|Any CPU.Build.0 = Debug|Any CPU
		{5A6A9D5D-7F27-44AC-9460-2B0DC8B0A435}.Debug|x64.ActiveCfg = Debug|Any CPU
		{5A6A9D5D-7F27-44AC-9460-2B0DC8B0A435}.Debug|x64.Build.0 = Debug|Any CPU
		{5A6A9D5D-7F27-44AC-9460-2B0DC8B0A435}.Debug|x86.ActiveCfg = Debug|Any CPU
		{5A6A9D5D-7F27-44AC-9460-2B0DC8B0A435}.Debug|x86.Build.0 = Debug|Any CPU
		{5A6A9D5D-7F27-44AC-9460-2B0DC8B0A435}.Release|Any CPU.ActiveCfg = Release|Any CPU
		{5A6A9D5D-7F27-44AC-9460-2B0DC8B0A435}.Release|Any CPU.Build.0 = Release|Any CPU
		{5A6A9D5D-7F27-44AC-9460-2B0DC8B0A435}.Release|x64.ActiveCfg = Release|Any CPU
		{5A6A9D5D-7F27-44AC-9460-2B0DC8B0A435}.Release|x64.Build.0 = Release|Any CPU
		{5A6A9D5D-7F27-44AC-9460-2B0DC8B0A435}.Release|x86.ActiveCfg = Release|Any CPU
		{5A6A9D5D-7F27-44AC-9460-2B0DC8B0A435}.Release|x86.Build.0 = Release|Any CPU
		{F3AD4FFF-830C-468A-A21A-6813BA75E774}.Debug|Any CPU.ActiveCfg = Debug|Any CPU
		{F3AD4FFF-830C-468A-A21A-6813BA75E774}.Debug|Any CPU.Build.0 = Debug|Any CPU
		{F3AD4FFF-830C-468A-A21A-6813BA75E774}.Debug|x64.ActiveCfg = Debug|Any CPU
		{F3AD4FFF-830C-468A-A21A-6813BA75E774}.Debug|x64.Build.0 = Debug|Any CPU
		{F3AD4FFF-830C-468A-A21A-6813BA75E774}.Debug|x86.ActiveCfg = Debug|Any CPU
		{F3AD4FFF-830C-468A-A21A-6813BA75E774}.Debug|x86.Build.0 = Debug|Any CPU
		{F3AD4FFF-830C-468A-A21A-6813BA75E774}.Release|Any CPU.ActiveCfg = Release|Any CPU
		{F3AD4FFF-830C-468A-A21A-6813BA75E774}.Release|Any CPU.Build.0 = Release|Any CPU
		{F3AD4FFF-830C-468A-A21A-6813BA75E774}.Release|x64.ActiveCfg = Release|Any CPU
		{F3AD4FFF-830C-468A-A21A-6813BA75E774}.Release|x64.Build.0 = Release|Any CPU
		{F3AD4FFF-830C-468A-A21A-6813BA75E774}.Release|x86.ActiveCfg = Release|Any CPU
		{F3AD4FFF-830C-468A-A21A-6813BA75E774}.Release|x86.Build.0 = Release|Any CPU
		{E9E2D145-39DF-4CBE-AEA4-E1CD7049DCC4}.Debug|Any CPU.ActiveCfg = Debug|Any CPU
		{E9E2D145-39DF-4CBE-AEA4-E1CD7049DCC4}.Debug|Any CPU.Build.0 = Debug|Any CPU
		{E9E2D145-39DF-4CBE-AEA4-E1CD7049DCC4}.Debug|x64.ActiveCfg = Debug|Any CPU
		{E9E2D145-39DF-4CBE-AEA4-E1CD7049DCC4}.Debug|x64.Build.0 = Debug|Any CPU
		{E9E2D145-39DF-4CBE-AEA4-E1CD7049DCC4}.Debug|x86.ActiveCfg = Debug|Any CPU
		{E9E2D145-39DF-4CBE-AEA4-E1CD7049DCC4}.Debug|x86.Build.0 = Debug|Any CPU
		{E9E2D145-39DF-4CBE-AEA4-E1CD7049DCC4}.Release|Any CPU.ActiveCfg = Release|Any CPU
		{E9E2D145-39DF-4CBE-AEA4-E1CD7049DCC4}.Release|Any CPU.Build.0 = Release|Any CPU
		{E9E2D145-39DF-4CBE-AEA4-E1CD7049DCC4}.Release|x64.ActiveCfg = Release|Any CPU
		{E9E2D145-39DF-4CBE-AEA4-E1CD7049DCC4}.Release|x64.Build.0 = Release|Any CPU
		{E9E2D145-39DF-4CBE-AEA4-E1CD7049DCC4}.Release|x86.ActiveCfg = Release|Any CPU
		{E9E2D145-39DF-4CBE-AEA4-E1CD7049DCC4}.Release|x86.Build.0 = Release|Any CPU
		{BAAD4AEA-C504-414A-B6A5-CF650A640034}.Debug|Any CPU.ActiveCfg = Debug|Any CPU
		{BAAD4AEA-C504-414A-B6A5-CF650A640034}.Debug|Any CPU.Build.0 = Debug|Any CPU
		{BAAD4AEA-C504-414A-B6A5-CF650A640034}.Debug|x64.ActiveCfg = Debug|Any CPU
		{BAAD4AEA-C504-414A-B6A5-CF650A640034}.Debug|x64.Build.0 = Debug|Any CPU
		{BAAD4AEA-C504-414A-B6A5-CF650A640034}.Debug|x86.ActiveCfg = Debug|Any CPU
		{BAAD4AEA-C504-414A-B6A5-CF650A640034}.Debug|x86.Build.0 = Debug|Any CPU
		{BAAD4AEA-C504-414A-B6A5-CF650A640034}.Release|Any CPU.ActiveCfg = Release|Any CPU
		{BAAD4AEA-C504-414A-B6A5-CF650A640034}.Release|Any CPU.Build.0 = Release|Any CPU
		{BAAD4AEA-C504-414A-B6A5-CF650A640034}.Release|x64.ActiveCfg = Release|Any CPU
		{BAAD4AEA-C504-414A-B6A5-CF650A640034}.Release|x64.Build.0 = Release|Any CPU
		{BAAD4AEA-C504-414A-B6A5-CF650A640034}.Release|x86.ActiveCfg = Release|Any CPU
		{BAAD4AEA-C504-414A-B6A5-CF650A640034}.Release|x86.Build.0 = Release|Any CPU
		{1ADE4966-04B7-4394-AF0F-267EBBCAF6F3}.Debug|Any CPU.ActiveCfg = Debug|Any CPU
		{1ADE4966-04B7-4394-AF0F-267EBBCAF6F3}.Debug|Any CPU.Build.0 = Debug|Any CPU
		{1ADE4966-04B7-4394-AF0F-267EBBCAF6F3}.Debug|x64.ActiveCfg = Debug|Any CPU
		{1ADE4966-04B7-4394-AF0F-267EBBCAF6F3}.Debug|x64.Build.0 = Debug|Any CPU
		{1ADE4966-04B7-4394-AF0F-267EBBCAF6F3}.Debug|x86.ActiveCfg = Debug|Any CPU
		{1ADE4966-04B7-4394-AF0F-267EBBCAF6F3}.Debug|x86.Build.0 = Debug|Any CPU
		{1ADE4966-04B7-4394-AF0F-267EBBCAF6F3}.Release|Any CPU.ActiveCfg = Release|Any CPU
		{1ADE4966-04B7-4394-AF0F-267EBBCAF6F3}.Release|Any CPU.Build.0 = Release|Any CPU
		{1ADE4966-04B7-4394-AF0F-267EBBCAF6F3}.Release|x64.ActiveCfg = Release|Any CPU
		{1ADE4966-04B7-4394-AF0F-267EBBCAF6F3}.Release|x64.Build.0 = Release|Any CPU
		{1ADE4966-04B7-4394-AF0F-267EBBCAF6F3}.Release|x86.ActiveCfg = Release|Any CPU
		{1ADE4966-04B7-4394-AF0F-267EBBCAF6F3}.Release|x86.Build.0 = Release|Any CPU
		{2E6E6E88-571C-44B6-9241-855EA8F21A28}.Debug|Any CPU.ActiveCfg = Debug|Any CPU
		{2E6E6E88-571C-44B6-9241-855EA8F21A28}.Debug|Any CPU.Build.0 = Debug|Any CPU
		{2E6E6E88-571C-44B6-9241-855EA8F21A28}.Debug|x64.ActiveCfg = Debug|Any CPU
		{2E6E6E88-571C-44B6-9241-855EA8F21A28}.Debug|x64.Build.0 = Debug|Any CPU
		{2E6E6E88-571C-44B6-9241-855EA8F21A28}.Debug|x86.ActiveCfg = Debug|Any CPU
		{2E6E6E88-571C-44B6-9241-855EA8F21A28}.Debug|x86.Build.0 = Debug|Any CPU
		{2E6E6E88-571C-44B6-9241-855EA8F21A28}.Release|Any CPU.ActiveCfg = Release|Any CPU
		{2E6E6E88-571C-44B6-9241-855EA8F21A28}.Release|Any CPU.Build.0 = Release|Any CPU
		{2E6E6E88-571C-44B6-9241-855EA8F21A28}.Release|x64.ActiveCfg = Release|Any CPU
		{2E6E6E88-571C-44B6-9241-855EA8F21A28}.Release|x64.Build.0 = Release|Any CPU
		{2E6E6E88-571C-44B6-9241-855EA8F21A28}.Release|x86.ActiveCfg = Release|Any CPU
		{2E6E6E88-571C-44B6-9241-855EA8F21A28}.Release|x86.Build.0 = Release|Any CPU
		{151CB74D-42A8-4900-B943-CFDFD7A8822B}.Debug|Any CPU.ActiveCfg = Debug|Any CPU
		{151CB74D-42A8-4900-B943-CFDFD7A8822B}.Debug|Any CPU.Build.0 = Debug|Any CPU
		{151CB74D-42A8-4900-B943-CFDFD7A8822B}.Debug|x64.ActiveCfg = Debug|Any CPU
		{151CB74D-42A8-4900-B943-CFDFD7A8822B}.Debug|x64.Build.0 = Debug|Any CPU
		{151CB74D-42A8-4900-B943-CFDFD7A8822B}.Debug|x86.ActiveCfg = Debug|Any CPU
		{151CB74D-42A8-4900-B943-CFDFD7A8822B}.Debug|x86.Build.0 = Debug|Any CPU
		{151CB74D-42A8-4900-B943-CFDFD7A8822B}.Release|Any CPU.ActiveCfg = Release|Any CPU
		{151CB74D-42A8-4900-B943-CFDFD7A8822B}.Release|Any CPU.Build.0 = Release|Any CPU
		{151CB74D-42A8-4900-B943-CFDFD7A8822B}.Release|x64.ActiveCfg = Release|Any CPU
		{151CB74D-42A8-4900-B943-CFDFD7A8822B}.Release|x64.Build.0 = Release|Any CPU
		{151CB74D-42A8-4900-B943-CFDFD7A8822B}.Release|x86.ActiveCfg = Release|Any CPU
		{151CB74D-42A8-4900-B943-CFDFD7A8822B}.Release|x86.Build.0 = Release|Any CPU
		{1C347B6F-BBF5-4184-84AE-79CB09220DD7}.Debug|Any CPU.ActiveCfg = Debug|Any CPU
		{1C347B6F-BBF5-4184-84AE-79CB09220DD7}.Debug|Any CPU.Build.0 = Debug|Any CPU
		{1C347B6F-BBF5-4184-84AE-79CB09220DD7}.Debug|x64.ActiveCfg = Debug|Any CPU
		{1C347B6F-BBF5-4184-84AE-79CB09220DD7}.Debug|x64.Build.0 = Debug|Any CPU
		{1C347B6F-BBF5-4184-84AE-79CB09220DD7}.Debug|x86.ActiveCfg = Debug|Any CPU
		{1C347B6F-BBF5-4184-84AE-79CB09220DD7}.Debug|x86.Build.0 = Debug|Any CPU
		{1C347B6F-BBF5-4184-84AE-79CB09220DD7}.Release|Any CPU.ActiveCfg = Release|Any CPU
		{1C347B6F-BBF5-4184-84AE-79CB09220DD7}.Release|Any CPU.Build.0 = Release|Any CPU
		{1C347B6F-BBF5-4184-84AE-79CB09220DD7}.Release|x64.ActiveCfg = Release|Any CPU
		{1C347B6F-BBF5-4184-84AE-79CB09220DD7}.Release|x64.Build.0 = Release|Any CPU
		{1C347B6F-BBF5-4184-84AE-79CB09220DD7}.Release|x86.ActiveCfg = Release|Any CPU
		{1C347B6F-BBF5-4184-84AE-79CB09220DD7}.Release|x86.Build.0 = Release|Any CPU
		{2D240471-8663-4573-8718-0E078248934E}.Debug|Any CPU.ActiveCfg = Debug|Any CPU
		{2D240471-8663-4573-8718-0E078248934E}.Debug|Any CPU.Build.0 = Debug|Any CPU
		{2D240471-8663-4573-8718-0E078248934E}.Debug|x64.ActiveCfg = Debug|Any CPU
		{2D240471-8663-4573-8718-0E078248934E}.Debug|x64.Build.0 = Debug|Any CPU
		{2D240471-8663-4573-8718-0E078248934E}.Debug|x86.ActiveCfg = Debug|Any CPU
		{2D240471-8663-4573-8718-0E078248934E}.Debug|x86.Build.0 = Debug|Any CPU
		{2D240471-8663-4573-8718-0E078248934E}.Release|Any CPU.ActiveCfg = Release|Any CPU
		{2D240471-8663-4573-8718-0E078248934E}.Release|Any CPU.Build.0 = Release|Any CPU
		{2D240471-8663-4573-8718-0E078248934E}.Release|x64.ActiveCfg = Release|Any CPU
		{2D240471-8663-4573-8718-0E078248934E}.Release|x64.Build.0 = Release|Any CPU
		{2D240471-8663-4573-8718-0E078248934E}.Release|x86.ActiveCfg = Release|Any CPU
		{2D240471-8663-4573-8718-0E078248934E}.Release|x86.Build.0 = Release|Any CPU
	EndGlobalSection
	GlobalSection(NestedProjects) = preSolution
		{392ED1A0-F3C4-11E9-BDE1-BB6527972F07} = {F9518AE8-2574-4ADF-BB6E-A809C32AA334}
		{C205A8D7-F117-49AE-932D-31BB9DF354D0} = {14EF1055-5377-4079-A149-9C63BF40F6F9}
		{5A6A9D5D-7F27-44AC-9460-2B0DC8B0A435} = {C205A8D7-F117-49AE-932D-31BB9DF354D0}
		{F3AD4FFF-830C-468A-A21A-6813BA75E774} = {C205A8D7-F117-49AE-932D-31BB9DF354D0}
		{E9E2D145-39DF-4CBE-AEA4-E1CD7049DCC4} = {C205A8D7-F117-49AE-932D-31BB9DF354D0}
		{BAAD4AEA-C504-414A-B6A5-CF650A640034} = {C205A8D7-F117-49AE-932D-31BB9DF354D0}
		{1ADE4966-04B7-4394-AF0F-267EBBCAF6F3} = {C205A8D7-F117-49AE-932D-31BB9DF354D0}
		{51FA6538-FAB2-42DC-B6CD-DF69ABB0CE83} = {14EF1055-5377-4079-A149-9C63BF40F6F9}
		{2E6E6E88-571C-44B6-9241-855EA8F21A28} = {51FA6538-FAB2-42DC-B6CD-DF69ABB0CE83}
		{F4373BE5-A9ED-48BC-A593-9EC66AFDE129} = {F9518AE8-2574-4ADF-BB6E-A809C32AA334}
		{151CB74D-42A8-4900-B943-CFDFD7A8822B} = {F4373BE5-A9ED-48BC-A593-9EC66AFDE129}
		{1C347B6F-BBF5-4184-84AE-79CB09220DD7} = {F4373BE5-A9ED-48BC-A593-9EC66AFDE129}
		{2D240471-8663-4573-8718-0E078248934E} = {392ED1A0-F3C4-11E9-BDE1-BB6527972F07}
	EndGlobalSection
EndGlobal
