
Microsoft Visual Studio Solution File, Format Version 12.00
# Visual Studio Code
VisualStudioVersion = 16.0.29905.134
MinimumVisualStudioVersion = 15.0.26124.0
Project("{2150E333-8FDC-42A3-9474-1A3956D46DE8}") = "src", "src", "{813C3D24-8514-4D11-BD04-87F3EA8DD374}"
EndProject
Project("{2150E333-8FDC-42A3-9474-1A3956D46DE8}") = "clients", "clients", "{8BCD19AA-6D4C-485C-9256-4F3CE59BEBC3}"
EndProject
Project("{2150E333-8FDC-42A3-9474-1A3956D46DE8}") = "server-components", "server-components", "{1C0DAA75-C1DE-423F-A0DE-D129F10F87D8}"
EndProject
Project("{9A19103F-16F7-4668-BE54-9A1E7A4F7556}") = "CLI", "src\clients\cli\CLI.csproj", "{CEFE9C5C-8250-4A4A-91B1-7FF88C9405C6}"
EndProject
Project("{2150E333-8FDC-42A3-9474-1A3956D46DE8}") = "tests", "tests", "{F4746E94-509E-408D-9EA6-DDD5A6C4AD68}"
EndProject
Project("{2150E333-8FDC-42A3-9474-1A3956D46DE8}") = "server-components", "server-components", "{19EF8FF3-5B77-453A-A0E0-81967565EF5F}"
EndProject
Project("{9A19103F-16F7-4668-BE54-9A1E7A4F7556}") = "Umoya.Protocol", "src\service-components\Protocol\Umoya.Protocol.csproj", "{8BEC22D8-E593-44C8-956B-22A871F7776C}"
EndProject
Project("{9A19103F-16F7-4668-BE54-9A1E7A4F7556}") = "Umoya.Database.Sqlite", "src\service-components\Database.Sqlite\Umoya.Database.Sqlite.csproj", "{2CC4D40C-576E-432B-A42C-AA6219A42065}"
EndProject
Project("{9A19103F-16F7-4668-BE54-9A1E7A4F7556}") = "Umoya.Core", "src\service-components\Core\Umoya.Core.csproj", "{3CFC15A7-7804-48B6-8AA3-360BDB7EFD6B}"
EndProject
Project("{9A19103F-16F7-4668-BE54-9A1E7A4F7556}") = "Umoya.Hosting", "src\service-components\Core.Server\Umoya.Hosting.csproj", "{95307304-42A3-42DE-A001-63DE44478743}"
EndProject
Project("{9A19103F-16F7-4668-BE54-9A1E7A4F7556}") = "Umoya", "src\service-components\Umoya\Umoya.csproj", "{32BB73CF-3588-4A32-8F4B-E4A7A666AE78}"
EndProject
Project("{9A19103F-16F7-4668-BE54-9A1E7A4F7556}") = "Umoya.Tests", "tests\server-components\Umoya.Tests\Umoya.Tests.csproj", "{97181AF5-0D7A-4413-B3E3-2C8F7B82CCFF}"
EndProject
Project("{9A19103F-16F7-4668-BE54-9A1E7A4F7556}") = "Umoya.Protocol.Tests", "tests\server-components\Protocol.Tests\Umoya.Protocol.Tests.csproj", "{BBAEDD04-B490-48E2-918C-AE85265B253A}"
EndProject
Project("{9A19103F-16F7-4668-BE54-9A1E7A4F7556}") = "Umoya.Core.Tests", "tests\server-components\Core.Tests\Umoya.Core.Tests.csproj", "{88972208-CAAE-4518-8184-F1D25F1DA1E7}"
EndProject
Global
	GlobalSection(SolutionConfigurationPlatforms) = preSolution
		Debug|Any CPU = Debug|Any CPU
		Debug|x64 = Debug|x64
		Debug|x86 = Debug|x86
		Release|Any CPU = Release|Any CPU
		Release|x64 = Release|x64
		Release|x86 = Release|x86
	EndGlobalSection
	GlobalSection(ProjectConfigurationPlatforms) = postSolution
		{CEFE9C5C-8250-4A4A-91B1-7FF88C9405C6}.Debug|Any CPU.ActiveCfg = Release|Any CPU
		{CEFE9C5C-8250-4A4A-91B1-7FF88C9405C6}.Debug|Any CPU.Build.0 = Release|Any CPU
		{CEFE9C5C-8250-4A4A-91B1-7FF88C9405C6}.Debug|x64.ActiveCfg = Debug|Any CPU
		{CEFE9C5C-8250-4A4A-91B1-7FF88C9405C6}.Debug|x64.Build.0 = Debug|Any CPU
		{CEFE9C5C-8250-4A4A-91B1-7FF88C9405C6}.Debug|x86.ActiveCfg = Debug|Any CPU
		{CEFE9C5C-8250-4A4A-91B1-7FF88C9405C6}.Debug|x86.Build.0 = Debug|Any CPU
		{CEFE9C5C-8250-4A4A-91B1-7FF88C9405C6}.Release|Any CPU.ActiveCfg = Release|Any CPU
		{CEFE9C5C-8250-4A4A-91B1-7FF88C9405C6}.Release|Any CPU.Build.0 = Release|Any CPU
		{CEFE9C5C-8250-4A4A-91B1-7FF88C9405C6}.Release|x64.ActiveCfg = Release|Any CPU
		{CEFE9C5C-8250-4A4A-91B1-7FF88C9405C6}.Release|x64.Build.0 = Release|Any CPU
		{CEFE9C5C-8250-4A4A-91B1-7FF88C9405C6}.Release|x86.ActiveCfg = Release|Any CPU
		{CEFE9C5C-8250-4A4A-91B1-7FF88C9405C6}.Release|x86.Build.0 = Release|Any CPU
		{8BEC22D8-E593-44C8-956B-22A871F7776C}.Debug|Any CPU.ActiveCfg = Debug|Any CPU
		{8BEC22D8-E593-44C8-956B-22A871F7776C}.Debug|Any CPU.Build.0 = Debug|Any CPU
		{8BEC22D8-E593-44C8-956B-22A871F7776C}.Debug|x64.ActiveCfg = Debug|Any CPU
		{8BEC22D8-E593-44C8-956B-22A871F7776C}.Debug|x64.Build.0 = Debug|Any CPU
		{8BEC22D8-E593-44C8-956B-22A871F7776C}.Debug|x86.ActiveCfg = Debug|Any CPU
		{8BEC22D8-E593-44C8-956B-22A871F7776C}.Debug|x86.Build.0 = Debug|Any CPU
		{8BEC22D8-E593-44C8-956B-22A871F7776C}.Release|Any CPU.ActiveCfg = Release|Any CPU
		{8BEC22D8-E593-44C8-956B-22A871F7776C}.Release|Any CPU.Build.0 = Release|Any CPU
		{8BEC22D8-E593-44C8-956B-22A871F7776C}.Release|x64.ActiveCfg = Release|Any CPU
		{8BEC22D8-E593-44C8-956B-22A871F7776C}.Release|x64.Build.0 = Release|Any CPU
		{8BEC22D8-E593-44C8-956B-22A871F7776C}.Release|x86.ActiveCfg = Release|Any CPU
		{8BEC22D8-E593-44C8-956B-22A871F7776C}.Release|x86.Build.0 = Release|Any CPU
		{2CC4D40C-576E-432B-A42C-AA6219A42065}.Debug|Any CPU.ActiveCfg = Debug|Any CPU
		{2CC4D40C-576E-432B-A42C-AA6219A42065}.Debug|Any CPU.Build.0 = Debug|Any CPU
		{2CC4D40C-576E-432B-A42C-AA6219A42065}.Debug|x64.ActiveCfg = Debug|Any CPU
		{2CC4D40C-576E-432B-A42C-AA6219A42065}.Debug|x64.Build.0 = Debug|Any CPU
		{2CC4D40C-576E-432B-A42C-AA6219A42065}.Debug|x86.ActiveCfg = Debug|Any CPU
		{2CC4D40C-576E-432B-A42C-AA6219A42065}.Debug|x86.Build.0 = Debug|Any CPU
		{2CC4D40C-576E-432B-A42C-AA6219A42065}.Release|Any CPU.ActiveCfg = Release|Any CPU
		{2CC4D40C-576E-432B-A42C-AA6219A42065}.Release|Any CPU.Build.0 = Release|Any CPU
		{2CC4D40C-576E-432B-A42C-AA6219A42065}.Release|x64.ActiveCfg = Release|Any CPU
		{2CC4D40C-576E-432B-A42C-AA6219A42065}.Release|x64.Build.0 = Release|Any CPU
		{2CC4D40C-576E-432B-A42C-AA6219A42065}.Release|x86.ActiveCfg = Release|Any CPU
		{2CC4D40C-576E-432B-A42C-AA6219A42065}.Release|x86.Build.0 = Release|Any CPU
		{3CFC15A7-7804-48B6-8AA3-360BDB7EFD6B}.Debug|Any CPU.ActiveCfg = Debug|Any CPU
		{3CFC15A7-7804-48B6-8AA3-360BDB7EFD6B}.Debug|Any CPU.Build.0 = Debug|Any CPU
		{3CFC15A7-7804-48B6-8AA3-360BDB7EFD6B}.Debug|x64.ActiveCfg = Debug|Any CPU
		{3CFC15A7-7804-48B6-8AA3-360BDB7EFD6B}.Debug|x64.Build.0 = Debug|Any CPU
		{3CFC15A7-7804-48B6-8AA3-360BDB7EFD6B}.Debug|x86.ActiveCfg = Debug|Any CPU
		{3CFC15A7-7804-48B6-8AA3-360BDB7EFD6B}.Debug|x86.Build.0 = Debug|Any CPU
		{3CFC15A7-7804-48B6-8AA3-360BDB7EFD6B}.Release|Any CPU.ActiveCfg = Release|Any CPU
		{3CFC15A7-7804-48B6-8AA3-360BDB7EFD6B}.Release|Any CPU.Build.0 = Release|Any CPU
		{3CFC15A7-7804-48B6-8AA3-360BDB7EFD6B}.Release|x64.ActiveCfg = Release|Any CPU
		{3CFC15A7-7804-48B6-8AA3-360BDB7EFD6B}.Release|x64.Build.0 = Release|Any CPU
		{3CFC15A7-7804-48B6-8AA3-360BDB7EFD6B}.Release|x86.ActiveCfg = Release|Any CPU
		{3CFC15A7-7804-48B6-8AA3-360BDB7EFD6B}.Release|x86.Build.0 = Release|Any CPU
		{95307304-42A3-42DE-A001-63DE44478743}.Debug|Any CPU.ActiveCfg = Debug|Any CPU
		{95307304-42A3-42DE-A001-63DE44478743}.Debug|Any CPU.Build.0 = Debug|Any CPU
		{95307304-42A3-42DE-A001-63DE44478743}.Debug|x64.ActiveCfg = Debug|Any CPU
		{95307304-42A3-42DE-A001-63DE44478743}.Debug|x64.Build.0 = Debug|Any CPU
		{95307304-42A3-42DE-A001-63DE44478743}.Debug|x86.ActiveCfg = Debug|Any CPU
		{95307304-42A3-42DE-A001-63DE44478743}.Debug|x86.Build.0 = Debug|Any CPU
		{95307304-42A3-42DE-A001-63DE44478743}.Release|Any CPU.ActiveCfg = Release|Any CPU
		{95307304-42A3-42DE-A001-63DE44478743}.Release|Any CPU.Build.0 = Release|Any CPU
		{95307304-42A3-42DE-A001-63DE44478743}.Release|x64.ActiveCfg = Release|Any CPU
		{95307304-42A3-42DE-A001-63DE44478743}.Release|x64.Build.0 = Release|Any CPU
		{95307304-42A3-42DE-A001-63DE44478743}.Release|x86.ActiveCfg = Release|Any CPU
		{95307304-42A3-42DE-A001-63DE44478743}.Release|x86.Build.0 = Release|Any CPU
		{32BB73CF-3588-4A32-8F4B-E4A7A666AE78}.Debug|Any CPU.ActiveCfg = Debug|Any CPU
		{32BB73CF-3588-4A32-8F4B-E4A7A666AE78}.Debug|Any CPU.Build.0 = Debug|Any CPU
		{32BB73CF-3588-4A32-8F4B-E4A7A666AE78}.Debug|x64.ActiveCfg = Debug|Any CPU
		{32BB73CF-3588-4A32-8F4B-E4A7A666AE78}.Debug|x64.Build.0 = Debug|Any CPU
		{32BB73CF-3588-4A32-8F4B-E4A7A666AE78}.Debug|x86.ActiveCfg = Debug|Any CPU
		{32BB73CF-3588-4A32-8F4B-E4A7A666AE78}.Debug|x86.Build.0 = Debug|Any CPU
		{32BB73CF-3588-4A32-8F4B-E4A7A666AE78}.Release|Any CPU.ActiveCfg = Release|Any CPU
		{32BB73CF-3588-4A32-8F4B-E4A7A666AE78}.Release|Any CPU.Build.0 = Release|Any CPU
		{32BB73CF-3588-4A32-8F4B-E4A7A666AE78}.Release|x64.ActiveCfg = Release|Any CPU
		{32BB73CF-3588-4A32-8F4B-E4A7A666AE78}.Release|x64.Build.0 = Release|Any CPU
		{32BB73CF-3588-4A32-8F4B-E4A7A666AE78}.Release|x86.ActiveCfg = Release|Any CPU
		{32BB73CF-3588-4A32-8F4B-E4A7A666AE78}.Release|x86.Build.0 = Release|Any CPU
		{97181AF5-0D7A-4413-B3E3-2C8F7B82CCFF}.Debug|Any CPU.ActiveCfg = Debug|Any CPU
		{97181AF5-0D7A-4413-B3E3-2C8F7B82CCFF}.Debug|Any CPU.Build.0 = Debug|Any CPU
		{97181AF5-0D7A-4413-B3E3-2C8F7B82CCFF}.Debug|x64.ActiveCfg = Debug|Any CPU
		{97181AF5-0D7A-4413-B3E3-2C8F7B82CCFF}.Debug|x64.Build.0 = Debug|Any CPU
		{97181AF5-0D7A-4413-B3E3-2C8F7B82CCFF}.Debug|x86.ActiveCfg = Debug|Any CPU
		{97181AF5-0D7A-4413-B3E3-2C8F7B82CCFF}.Debug|x86.Build.0 = Debug|Any CPU
		{97181AF5-0D7A-4413-B3E3-2C8F7B82CCFF}.Release|Any CPU.ActiveCfg = Release|Any CPU
		{97181AF5-0D7A-4413-B3E3-2C8F7B82CCFF}.Release|Any CPU.Build.0 = Release|Any CPU
		{97181AF5-0D7A-4413-B3E3-2C8F7B82CCFF}.Release|x64.ActiveCfg = Release|Any CPU
		{97181AF5-0D7A-4413-B3E3-2C8F7B82CCFF}.Release|x64.Build.0 = Release|Any CPU
		{97181AF5-0D7A-4413-B3E3-2C8F7B82CCFF}.Release|x86.ActiveCfg = Release|Any CPU
		{97181AF5-0D7A-4413-B3E3-2C8F7B82CCFF}.Release|x86.Build.0 = Release|Any CPU
		{BBAEDD04-B490-48E2-918C-AE85265B253A}.Debug|Any CPU.ActiveCfg = Debug|Any CPU
		{BBAEDD04-B490-48E2-918C-AE85265B253A}.Debug|Any CPU.Build.0 = Debug|Any CPU
		{BBAEDD04-B490-48E2-918C-AE85265B253A}.Debug|x64.ActiveCfg = Debug|Any CPU
		{BBAEDD04-B490-48E2-918C-AE85265B253A}.Debug|x64.Build.0 = Debug|Any CPU
		{BBAEDD04-B490-48E2-918C-AE85265B253A}.Debug|x86.ActiveCfg = Debug|Any CPU
		{BBAEDD04-B490-48E2-918C-AE85265B253A}.Debug|x86.Build.0 = Debug|Any CPU
		{BBAEDD04-B490-48E2-918C-AE85265B253A}.Release|Any CPU.ActiveCfg = Release|Any CPU
		{BBAEDD04-B490-48E2-918C-AE85265B253A}.Release|Any CPU.Build.0 = Release|Any CPU
		{BBAEDD04-B490-48E2-918C-AE85265B253A}.Release|x64.ActiveCfg = Release|Any CPU
		{BBAEDD04-B490-48E2-918C-AE85265B253A}.Release|x64.Build.0 = Release|Any CPU
		{BBAEDD04-B490-48E2-918C-AE85265B253A}.Release|x86.ActiveCfg = Release|Any CPU
		{BBAEDD04-B490-48E2-918C-AE85265B253A}.Release|x86.Build.0 = Release|Any CPU
		{88972208-CAAE-4518-8184-F1D25F1DA1E7}.Debug|Any CPU.ActiveCfg = Debug|Any CPU
		{88972208-CAAE-4518-8184-F1D25F1DA1E7}.Debug|Any CPU.Build.0 = Debug|Any CPU
		{88972208-CAAE-4518-8184-F1D25F1DA1E7}.Debug|x64.ActiveCfg = Debug|Any CPU
		{88972208-CAAE-4518-8184-F1D25F1DA1E7}.Debug|x64.Build.0 = Debug|Any CPU
		{88972208-CAAE-4518-8184-F1D25F1DA1E7}.Debug|x86.ActiveCfg = Debug|Any CPU
		{88972208-CAAE-4518-8184-F1D25F1DA1E7}.Debug|x86.Build.0 = Debug|Any CPU
		{88972208-CAAE-4518-8184-F1D25F1DA1E7}.Release|Any CPU.ActiveCfg = Release|Any CPU
		{88972208-CAAE-4518-8184-F1D25F1DA1E7}.Release|Any CPU.Build.0 = Release|Any CPU
		{88972208-CAAE-4518-8184-F1D25F1DA1E7}.Release|x64.ActiveCfg = Release|Any CPU
		{88972208-CAAE-4518-8184-F1D25F1DA1E7}.Release|x64.Build.0 = Release|Any CPU
		{88972208-CAAE-4518-8184-F1D25F1DA1E7}.Release|x86.ActiveCfg = Release|Any CPU
		{88972208-CAAE-4518-8184-F1D25F1DA1E7}.Release|x86.Build.0 = Release|Any CPU
	EndGlobalSection
	GlobalSection(SolutionProperties) = preSolution
		HideSolutionNode = FALSE
	EndGlobalSection
	GlobalSection(NestedProjects) = preSolution
		{8BCD19AA-6D4C-485C-9256-4F3CE59BEBC3} = {813C3D24-8514-4D11-BD04-87F3EA8DD374}
		{1C0DAA75-C1DE-423F-A0DE-D129F10F87D8} = {813C3D24-8514-4D11-BD04-87F3EA8DD374}
		{CEFE9C5C-8250-4A4A-91B1-7FF88C9405C6} = {8BCD19AA-6D4C-485C-9256-4F3CE59BEBC3}
		{19EF8FF3-5B77-453A-A0E0-81967565EF5F} = {F4746E94-509E-408D-9EA6-DDD5A6C4AD68}
		{8BEC22D8-E593-44C8-956B-22A871F7776C} = {1C0DAA75-C1DE-423F-A0DE-D129F10F87D8}
		{2CC4D40C-576E-432B-A42C-AA6219A42065} = {1C0DAA75-C1DE-423F-A0DE-D129F10F87D8}
		{3CFC15A7-7804-48B6-8AA3-360BDB7EFD6B} = {1C0DAA75-C1DE-423F-A0DE-D129F10F87D8}
		{95307304-42A3-42DE-A001-63DE44478743} = {1C0DAA75-C1DE-423F-A0DE-D129F10F87D8}
		{32BB73CF-3588-4A32-8F4B-E4A7A666AE78} = {1C0DAA75-C1DE-423F-A0DE-D129F10F87D8}
		{97181AF5-0D7A-4413-B3E3-2C8F7B82CCFF} = {19EF8FF3-5B77-453A-A0E0-81967565EF5F}
		{BBAEDD04-B490-48E2-918C-AE85265B253A} = {19EF8FF3-5B77-453A-A0E0-81967565EF5F}
		{88972208-CAAE-4518-8184-F1D25F1DA1E7} = {19EF8FF3-5B77-453A-A0E0-81967565EF5F}
	EndGlobalSection
	GlobalSection(ExtensibilityGlobals) = postSolution
		SolutionGuid = {8B1F3AF8-9F9E-4EFD-8623-4299EF764B29}
	EndGlobalSection
EndGlobal
